// !$*UTF8*$!
{
	archiveVersion = 1;
	classes = {
	};
	objectVersion = 46;
	objects = {

/* Begin PBXBuildFile section */
		CA2029E61CA66E3D00A030F2 /* NumberToWords.swift in Sources */ = {isa = PBXBuildFile; fileRef = CA2029E51CA66E3D00A030F2 /* NumberToWords.swift */; };
		CA24F45C1CA23B980027FAEC /* AppDelegate.swift in Sources */ = {isa = PBXBuildFile; fileRef = CA24F45B1CA23B980027FAEC /* AppDelegate.swift */; };
		CA24F45E1CA23B980027FAEC /* AddReceiptViewController.swift in Sources */ = {isa = PBXBuildFile; fileRef = CA24F45D1CA23B980027FAEC /* AddReceiptViewController.swift */; };
		CA24F4611CA23B980027FAEC /* Main.storyboard in Resources */ = {isa = PBXBuildFile; fileRef = CA24F45F1CA23B980027FAEC /* Main.storyboard */; };
		CA24F4631CA23B980027FAEC /* Assets.xcassets in Resources */ = {isa = PBXBuildFile; fileRef = CA24F4621CA23B980027FAEC /* Assets.xcassets */; };
		CA24F4661CA23B980027FAEC /* LaunchScreen.storyboard in Resources */ = {isa = PBXBuildFile; fileRef = CA24F4641CA23B980027FAEC /* LaunchScreen.storyboard */; };
		CA24F4711CA23B980027FAEC /* rcptTests.swift in Sources */ = {isa = PBXBuildFile; fileRef = CA24F4701CA23B980027FAEC /* rcptTests.swift */; };
		CA44F7FA1CBAA547003F4070 /* ReceiptCell.swift in Sources */ = {isa = PBXBuildFile; fileRef = CA44F7F91CBAA547003F4070 /* ReceiptCell.swift */; };
		CA4E94E81CA6608B004C6A70 /* Realm.framework in Embed Frameworks */ = {isa = PBXBuildFile; fileRef = CA4E94E51CA6608B004C6A70 /* Realm.framework */; settings = {ATTRIBUTES = (CodeSignOnCopy, RemoveHeadersOnCopy, ); }; };
		CA4E94EA1CA6608B004C6A70 /* RealmSwift.framework in Embed Frameworks */ = {isa = PBXBuildFile; fileRef = CA4E94E61CA6608B004C6A70 /* RealmSwift.framework */; settings = {ATTRIBUTES = (CodeSignOnCopy, RemoveHeadersOnCopy, ); }; };
		CA6618361CA67103001A5F25 /* Receipt.swift in Sources */ = {isa = PBXBuildFile; fileRef = CA6618351CA67103001A5F25 /* Receipt.swift */; };
		CA66183C1CA6A924001A5F25 /* ReceiptListViewController.swift in Sources */ = {isa = PBXBuildFile; fileRef = CA66183B1CA6A924001A5F25 /* ReceiptListViewController.swift */; };
		CA6AB92A1CAD3C7800C9556A /* DatePickerViewController.swift in Sources */ = {isa = PBXBuildFile; fileRef = CA6AB9291CAD3C7800C9556A /* DatePickerViewController.swift */; };
/* End PBXBuildFile section */

/* Begin PBXContainerItemProxy section */
		CA24F46D1CA23B980027FAEC /* PBXContainerItemProxy */ = {
			isa = PBXContainerItemProxy;
			containerPortal = CA24F4501CA23B980027FAEC /* Project object */;
			proxyType = 1;
			remoteGlobalIDString = CA24F4571CA23B980027FAEC;
			remoteInfo = rcpt;
		};
/* End PBXContainerItemProxy section */

/* Begin PBXCopyFilesBuildPhase section */
		CA4E94EB1CA6608B004C6A70 /* Embed Frameworks */ = {
			isa = PBXCopyFilesBuildPhase;
			buildActionMask = 2147483647;
			dstPath = "";
			dstSubfolderSpec = 10;
			files = (
				CA4E94EA1CA6608B004C6A70 /* RealmSwift.framework in Embed Frameworks */,
				CA4E94E81CA6608B004C6A70 /* Realm.framework in Embed Frameworks */,
			);
			name = "Embed Frameworks";
			runOnlyForDeploymentPostprocessing = 0;
		};
/* End PBXCopyFilesBuildPhase section */

/* Begin PBXFileReference section */
		CA2029E51CA66E3D00A030F2 /* NumberToWords.swift */ = {isa = PBXFileReference; fileEncoding = 4; lastKnownFileType = sourcecode.swift; path = NumberToWords.swift; sourceTree = "<group>"; };
		CA24F4581CA23B980027FAEC /* rcpt.app */ = {isa = PBXFileReference; explicitFileType = wrapper.application; includeInIndex = 0; path = rcpt.app; sourceTree = BUILT_PRODUCTS_DIR; };
		CA24F45B1CA23B980027FAEC /* AppDelegate.swift */ = {isa = PBXFileReference; lastKnownFileType = sourcecode.swift; path = AppDelegate.swift; sourceTree = "<group>"; };
		CA24F45D1CA23B980027FAEC /* AddReceiptViewController.swift */ = {isa = PBXFileReference; lastKnownFileType = sourcecode.swift; path = AddReceiptViewController.swift; sourceTree = "<group>"; };
		CA24F4601CA23B980027FAEC /* Base */ = {isa = PBXFileReference; lastKnownFileType = file.storyboard; name = Base; path = Base.lproj/Main.storyboard; sourceTree = "<group>"; };
		CA24F4621CA23B980027FAEC /* Assets.xcassets */ = {isa = PBXFileReference; lastKnownFileType = folder.assetcatalog; path = Assets.xcassets; sourceTree = "<group>"; };
		CA24F4651CA23B980027FAEC /* Base */ = {isa = PBXFileReference; lastKnownFileType = file.storyboard; name = Base; path = Base.lproj/LaunchScreen.storyboard; sourceTree = "<group>"; };
		CA24F4671CA23B980027FAEC /* Info.plist */ = {isa = PBXFileReference; lastKnownFileType = text.plist.xml; path = Info.plist; sourceTree = "<group>"; };
		CA24F46C1CA23B980027FAEC /* rcptTests.xctest */ = {isa = PBXFileReference; explicitFileType = wrapper.cfbundle; includeInIndex = 0; path = rcptTests.xctest; sourceTree = BUILT_PRODUCTS_DIR; };
		CA24F4701CA23B980027FAEC /* rcptTests.swift */ = {isa = PBXFileReference; lastKnownFileType = sourcecode.swift; path = rcptTests.swift; sourceTree = "<group>"; };
		CA24F4721CA23B980027FAEC /* Info.plist */ = {isa = PBXFileReference; lastKnownFileType = text.plist.xml; path = Info.plist; sourceTree = "<group>"; };
		CA44F7F91CBAA547003F4070 /* ReceiptCell.swift */ = {isa = PBXFileReference; fileEncoding = 4; lastKnownFileType = sourcecode.swift; path = ReceiptCell.swift; sourceTree = "<group>"; };
		CA4E94E51CA6608B004C6A70 /* Realm.framework */ = {isa = PBXFileReference; lastKnownFileType = wrapper.framework; name = Realm.framework; path = Carthage/Build/iOS/Realm.framework; sourceTree = "<group>"; };
		CA4E94E61CA6608B004C6A70 /* RealmSwift.framework */ = {isa = PBXFileReference; lastKnownFileType = wrapper.framework; name = RealmSwift.framework; path = Carthage/Build/iOS/RealmSwift.framework; sourceTree = "<group>"; };
		CA6618351CA67103001A5F25 /* Receipt.swift */ = {isa = PBXFileReference; fileEncoding = 4; lastKnownFileType = sourcecode.swift; name = Receipt.swift; path = Model/Receipt.swift; sourceTree = "<group>"; };
		CA66183B1CA6A924001A5F25 /* ReceiptListViewController.swift */ = {isa = PBXFileReference; fileEncoding = 4; lastKnownFileType = sourcecode.swift; path = ReceiptListViewController.swift; sourceTree = "<group>"; };
		CA6AB9291CAD3C7800C9556A /* DatePickerViewController.swift */ = {isa = PBXFileReference; fileEncoding = 4; lastKnownFileType = sourcecode.swift; path = DatePickerViewController.swift; sourceTree = "<group>"; };
/* End PBXFileReference section */

/* Begin PBXFrameworksBuildPhase section */
		CA24F4551CA23B980027FAEC /* Frameworks */ = {
			isa = PBXFrameworksBuildPhase;
			buildActionMask = 2147483647;
			files = (
			);
			runOnlyForDeploymentPostprocessing = 0;
		};
		CA24F4691CA23B980027FAEC /* Frameworks */ = {
			isa = PBXFrameworksBuildPhase;
			buildActionMask = 2147483647;
			files = (
			);
			runOnlyForDeploymentPostprocessing = 0;
		};
/* End PBXFrameworksBuildPhase section */

/* Begin PBXGroup section */
		CA24F44F1CA23B980027FAEC = {
			isa = PBXGroup;
			children = (
				CA4E94E51CA6608B004C6A70 /* Realm.framework */,
				CA4E94E61CA6608B004C6A70 /* RealmSwift.framework */,
				CA24F4591CA23B980027FAEC /* Products */,
				CA24F45A1CA23B980027FAEC /* rcpt */,
				CA24F46F1CA23B980027FAEC /* rcptTests */,
			);
			sourceTree = "<group>";
		};
		CA24F4591CA23B980027FAEC /* Products */ = {
			isa = PBXGroup;
			children = (
				CA24F4581CA23B980027FAEC /* rcpt.app */,
				CA24F46C1CA23B980027FAEC /* rcptTests.xctest */,
			);
			name = Products;
			sourceTree = "<group>";
		};
		CA24F45A1CA23B980027FAEC /* rcpt */ = {
			isa = PBXGroup;
			children = (
				CA6618301CA67056001A5F25 /* Model */,
				CA2029E51CA66E3D00A030F2 /* NumberToWords.swift */,
				CA24F45B1CA23B980027FAEC /* AppDelegate.swift */,
				CA24F4621CA23B980027FAEC /* Assets.xcassets */,
				CA24F4671CA23B980027FAEC /* Info.plist */,
				CA24F4641CA23B980027FAEC /* LaunchScreen.storyboard */,
				CA44F7F91CBAA547003F4070 /* ReceiptCell.swift */,
				CA24F45F1CA23B980027FAEC /* Main.storyboard */,
				CA6AB9291CAD3C7800C9556A /* DatePickerViewController.swift */,
				CA24F45D1CA23B980027FAEC /* AddReceiptViewController.swift */,
				CA66183B1CA6A924001A5F25 /* ReceiptListViewController.swift */,
			);
			path = rcpt;
			sourceTree = "<group>";
		};
		CA24F46F1CA23B980027FAEC /* rcptTests */ = {
			isa = PBXGroup;
			children = (
				CA24F4701CA23B980027FAEC /* rcptTests.swift */,
				CA24F4721CA23B980027FAEC /* Info.plist */,
			);
			path = rcptTests;
			sourceTree = "<group>";
		};
		CA6618301CA67056001A5F25 /* Model */ = {
			isa = PBXGroup;
			children = (
				CA6618351CA67103001A5F25 /* Receipt.swift */,
			);
			name = Model;
			sourceTree = "<group>";
		};
/* End PBXGroup section */

/* Begin PBXNativeTarget section */
		CA24F4571CA23B980027FAEC /* rcpt */ = {
			isa = PBXNativeTarget;
			buildConfigurationList = CA24F4751CA23B980027FAEC /* Build configuration list for PBXNativeTarget "rcpt" */;
			buildPhases = (
				CA24F4541CA23B980027FAEC /* Sources */,
				CA24F4551CA23B980027FAEC /* Frameworks */,
				CA24F4561CA23B980027FAEC /* Resources */,
				CA4E94EB1CA6608B004C6A70 /* Embed Frameworks */,
				CA4E94EC1CA66AA6004C6A70 /* Run Script */,
			);
			buildRules = (
			);
			dependencies = (
			);
			name = rcpt;
			productName = rcpt;
			productReference = CA24F4581CA23B980027FAEC /* rcpt.app */;
			productType = "com.apple.product-type.application";
		};
		CA24F46B1CA23B980027FAEC /* rcptTests */ = {
			isa = PBXNativeTarget;
			buildConfigurationList = CA24F4781CA23B980027FAEC /* Build configuration list for PBXNativeTarget "rcptTests" */;
			buildPhases = (
				CA24F4681CA23B980027FAEC /* Sources */,
				CA24F4691CA23B980027FAEC /* Frameworks */,
				CA24F46A1CA23B980027FAEC /* Resources */,
			);
			buildRules = (
			);
			dependencies = (
				CA24F46E1CA23B980027FAEC /* PBXTargetDependency */,
			);
			name = rcptTests;
			productName = rcptTests;
			productReference = CA24F46C1CA23B980027FAEC /* rcptTests.xctest */;
			productType = "com.apple.product-type.bundle.unit-test";
		};
/* End PBXNativeTarget section */

/* Begin PBXProject section */
		CA24F4501CA23B980027FAEC /* Project object */ = {
			isa = PBXProject;
			attributes = {
				LastUpgradeCheck = 0700;
				ORGANIZATIONNAME = gts;
				TargetAttributes = {
					CA24F4571CA23B980027FAEC = {
						CreatedOnToolsVersion = 7.0.1;
						DevelopmentTeam = W85C8S9QRD;
					};
					CA24F46B1CA23B980027FAEC = {
						CreatedOnToolsVersion = 7.0.1;
						TestTargetID = CA24F4571CA23B980027FAEC;
					};
				};
			};
			buildConfigurationList = CA24F4531CA23B980027FAEC /* Build configuration list for PBXProject "rcpt" */;
			compatibilityVersion = "Xcode 3.2";
			developmentRegion = English;
			hasScannedForEncodings = 0;
			knownRegions = (
				en,
				Base,
			);
			mainGroup = CA24F44F1CA23B980027FAEC;
			productRefGroup = CA24F4591CA23B980027FAEC /* Products */;
			projectDirPath = "";
			projectRoot = "";
			targets = (
				CA24F4571CA23B980027FAEC /* rcpt */,
				CA24F46B1CA23B980027FAEC /* rcptTests */,
			);
		};
/* End PBXProject section */

/* Begin PBXResourcesBuildPhase section */
		CA24F4561CA23B980027FAEC /* Resources */ = {
			isa = PBXResourcesBuildPhase;
			buildActionMask = 2147483647;
			files = (
				CA24F4661CA23B980027FAEC /* LaunchScreen.storyboard in Resources */,
				CA24F4631CA23B980027FAEC /* Assets.xcassets in Resources */,
				CA24F4611CA23B980027FAEC /* Main.storyboard in Resources */,
			);
			runOnlyForDeploymentPostprocessing = 0;
		};
		CA24F46A1CA23B980027FAEC /* Resources */ = {
			isa = PBXResourcesBuildPhase;
			buildActionMask = 2147483647;
			files = (
			);
			runOnlyForDeploymentPostprocessing = 0;
		};
/* End PBXResourcesBuildPhase section */

/* Begin PBXShellScriptBuildPhase section */
		CA4E94EC1CA66AA6004C6A70 /* Run Script */ = {
			isa = PBXShellScriptBuildPhase;
			buildActionMask = 2147483647;
			files = (
			);
			inputPaths = (
				"$(SRCROOT)/Carthage/Build/iOS/Realm.framework",
				"$(SRCROOT)/Carthage/Build/iOS/RealmSwift.framework",
			);
			name = "Run Script";
			outputPaths = (
			);
			runOnlyForDeploymentPostprocessing = 0;
			shellPath = /bin/sh;
			shellScript = "/usr/local/bin/carthage copy-frameworks";
		};
/* End PBXShellScriptBuildPhase section */

/* Begin PBXSourcesBuildPhase section */
		CA24F4541CA23B980027FAEC /* Sources */ = {
			isa = PBXSourcesBuildPhase;
			buildActionMask = 2147483647;
			files = (
				CA6618361CA67103001A5F25 /* Receipt.swift in Sources */,
				CA2029E61CA66E3D00A030F2 /* NumberToWords.swift in Sources */,
				CA66183C1CA6A924001A5F25 /* ReceiptListViewController.swift in Sources */,
				CA6AB92A1CAD3C7800C9556A /* DatePickerViewController.swift in Sources */,
				CA24F45E1CA23B980027FAEC /* AddReceiptViewController.swift in Sources */,
				CA44F7FA1CBAA547003F4070 /* ReceiptCell.swift in Sources */,
				CA24F45C1CA23B980027FAEC /* AppDelegate.swift in Sources */,
			);
			runOnlyForDeploymentPostprocessing = 0;
		};
		CA24F4681CA23B980027FAEC /* Sources */ = {
			isa = PBXSourcesBuildPhase;
			buildActionMask = 2147483647;
			files = (
				CA24F4711CA23B980027FAEC /* rcptTests.swift in Sources */,
			);
			runOnlyForDeploymentPostprocessing = 0;
		};
/* End PBXSourcesBuildPhase section */

/* Begin PBXTargetDependency section */
		CA24F46E1CA23B980027FAEC /* PBXTargetDependency */ = {
			isa = PBXTargetDependency;
			target = CA24F4571CA23B980027FAEC /* rcpt */;
			targetProxy = CA24F46D1CA23B980027FAEC /* PBXContainerItemProxy */;
		};
/* End PBXTargetDependency section */

/* Begin PBXVariantGroup section */
		CA24F45F1CA23B980027FAEC /* Main.storyboard */ = {
			isa = PBXVariantGroup;
			children = (
				CA24F4601CA23B980027FAEC /* Base */,
			);
			name = Main.storyboard;
			sourceTree = "<group>";
		};
		CA24F4641CA23B980027FAEC /* LaunchScreen.storyboard */ = {
			isa = PBXVariantGroup;
			children = (
				CA24F4651CA23B980027FAEC /* Base */,
			);
			name = LaunchScreen.storyboard;
			sourceTree = "<group>";
		};
/* End PBXVariantGroup section */

/* Begin XCBuildConfiguration section */
		CA24F4731CA23B980027FAEC /* Debug */ = {
			isa = XCBuildConfiguration;
			buildSettings = {
				ALWAYS_SEARCH_USER_PATHS = NO;
				CLANG_CXX_LANGUAGE_STANDARD = "gnu++0x";
				CLANG_CXX_LIBRARY = "libc++";
				CLANG_ENABLE_MODULES = YES;
				CLANG_ENABLE_OBJC_ARC = YES;
				CLANG_WARN_BOOL_CONVERSION = YES;
				CLANG_WARN_CONSTANT_CONVERSION = YES;
				CLANG_WARN_DIRECT_OBJC_ISA_USAGE = YES_ERROR;
				CLANG_WARN_EMPTY_BODY = YES;
				CLANG_WARN_ENUM_CONVERSION = YES;
				CLANG_WARN_INT_CONVERSION = YES;
				CLANG_WARN_OBJC_ROOT_CLASS = YES_ERROR;
				CLANG_WARN_UNREACHABLE_CODE = YES;
				CLANG_WARN__DUPLICATE_METHOD_MATCH = YES;
				"CODE_SIGN_IDENTITY[sdk=iphoneos*]" = "iPhone Developer";
				COPY_PHASE_STRIP = NO;
				DEBUG_INFORMATION_FORMAT = dwarf;
				ENABLE_STRICT_OBJC_MSGSEND = YES;
				ENABLE_TESTABILITY = YES;
				GCC_C_LANGUAGE_STANDARD = gnu99;
				GCC_DYNAMIC_NO_PIC = NO;
				GCC_NO_COMMON_BLOCKS = YES;
				GCC_OPTIMIZATION_LEVEL = 0;
				GCC_PREPROCESSOR_DEFINITIONS = (
					"DEBUG=1",
					"$(inherited)",
				);
				GCC_WARN_64_TO_32_BIT_CONVERSION = YES;
				GCC_WARN_ABOUT_RETURN_TYPE = YES_ERROR;
				GCC_WARN_UNDECLARED_SELECTOR = YES;
				GCC_WARN_UNINITIALIZED_AUTOS = YES_AGGRESSIVE;
				GCC_WARN_UNUSED_FUNCTION = YES;
				GCC_WARN_UNUSED_VARIABLE = YES;
				IPHONEOS_DEPLOYMENT_TARGET = 9.0;
				MTL_ENABLE_DEBUG_INFO = YES;
				ONLY_ACTIVE_ARCH = YES;
				SDKROOT = iphoneos;
				SWIFT_OPTIMIZATION_LEVEL = "-Onone";
			};
			name = Debug;
		};
		CA24F4741CA23B980027FAEC /* Release */ = {
			isa = XCBuildConfiguration;
			buildSettings = {
				ALWAYS_SEARCH_USER_PATHS = NO;
				CLANG_CXX_LANGUAGE_STANDARD = "gnu++0x";
				CLANG_CXX_LIBRARY = "libc++";
				CLANG_ENABLE_MODULES = YES;
				CLANG_ENABLE_OBJC_ARC = YES;
				CLANG_WARN_BOOL_CONVERSION = YES;
				CLANG_WARN_CONSTANT_CONVERSION = YES;
				CLANG_WARN_DIRECT_OBJC_ISA_USAGE = YES_ERROR;
				CLANG_WARN_EMPTY_BODY = YES;
				CLANG_WARN_ENUM_CONVERSION = YES;
				CLANG_WARN_INT_CONVERSION = YES;
				CLANG_WARN_OBJC_ROOT_CLASS = YES_ERROR;
				CLANG_WARN_UNREACHABLE_CODE = YES;
				CLANG_WARN__DUPLICATE_METHOD_MATCH = YES;
				"CODE_SIGN_IDENTITY[sdk=iphoneos*]" = "iPhone Developer";
				COPY_PHASE_STRIP = NO;
				DEBUG_INFORMATION_FORMAT = "dwarf-with-dsym";
				ENABLE_NS_ASSERTIONS = NO;
				ENABLE_STRICT_OBJC_MSGSEND = YES;
				GCC_C_LANGUAGE_STANDARD = gnu99;
				GCC_NO_COMMON_BLOCKS = YES;
				GCC_WARN_64_TO_32_BIT_CONVERSION = YES;
				GCC_WARN_ABOUT_RETURN_TYPE = YES_ERROR;
				GCC_WARN_UNDECLARED_SELECTOR = YES;
				GCC_WARN_UNINITIALIZED_AUTOS = YES_AGGRESSIVE;
				GCC_WARN_UNUSED_FUNCTION = YES;
				GCC_WARN_UNUSED_VARIABLE = YES;
				IPHONEOS_DEPLOYMENT_TARGET = 9.0;
				MTL_ENABLE_DEBUG_INFO = NO;
				SDKROOT = iphoneos;
				VALIDATE_PRODUCT = YES;
			};
			name = Release;
		};
		CA24F4761CA23B980027FAEC /* Debug */ = {
			isa = XCBuildConfiguration;
			buildSettings = {
				ASSETCATALOG_COMPILER_APPICON_NAME = AppIcon;
				CODE_SIGN_IDENTITY = "iPhone Developer";
				"CODE_SIGN_IDENTITY[sdk=iphoneos*]" = "iPhone Developer";
				FRAMEWORK_SEARCH_PATHS = (
					"$(inherited)",
					"$(PROJECT_DIR)/Carthage/Build/iOS",
				);
				INFOPLIST_FILE = rcpt/Info.plist;
				IPHONEOS_DEPLOYMENT_TARGET = 8.0;
				LD_RUNPATH_SEARCH_PATHS = "$(inherited) @executable_path/Frameworks";
				PRODUCT_BUNDLE_IDENTIFIER = com.getsolusi.rcpt;
				PRODUCT_NAME = "$(TARGET_NAME)";
				PROVISIONING_PROFILE = "";
				TARGETED_DEVICE_FAMILY = 1;
			};
			name = Debug;
		};
		CA24F4771CA23B980027FAEC /* Release */ = {
			isa = XCBuildConfiguration;
			buildSettings = {
				ASSETCATALOG_COMPILER_APPICON_NAME = AppIcon;
				CODE_SIGN_IDENTITY = "iPhone Developer";
				"CODE_SIGN_IDENTITY[sdk=iphoneos*]" = "iPhone Developer";
				FRAMEWORK_SEARCH_PATHS = (
					"$(inherited)",
					"$(PROJECT_DIR)/Carthage/Build/iOS",
				);
				INFOPLIST_FILE = rcpt/Info.plist;
				IPHONEOS_DEPLOYMENT_TARGET = 8.0;
				LD_RUNPATH_SEARCH_PATHS = "$(inherited) @executable_path/Frameworks";
				PRODUCT_BUNDLE_IDENTIFIER = com.getsolusi.rcpt;
				PRODUCT_NAME = "$(TARGET_NAME)";
				PROVISIONING_PROFILE = "";
				TARGETED_DEVICE_FAMILY = 1;
			};
			name = Release;
		};
		CA24F4791CA23B980027FAEC /* Debug */ = {
			isa = XCBuildConfiguration;
			buildSettings = {
				BUNDLE_LOADER = "$(TEST_HOST)";
				INFOPLIST_FILE = rcptTests/Info.plist;
				LD_RUNPATH_SEARCH_PATHS = "$(inherited) @executable_path/Frameworks @loader_path/Frameworks";
				PRODUCT_BUNDLE_IDENTIFIER = com.getsolusi.rcptTests;
				PRODUCT_NAME = "$(TARGET_NAME)";
				TEST_HOST = "$(BUILT_PRODUCTS_DIR)/rcpt.app/rcpt";
			};
			name = Debug;
		};
		CA24F47A1CA23B980027FAEC /* Release */ = {
			isa = XCBuildConfiguration;
			buildSettings = {
				BUNDLE_LOADER = "$(TEST_HOST)";
				INFOPLIST_FILE = rcptTests/Info.plist;
				LD_RUNPATH_SEARCH_PATHS = "$(inherited) @executable_path/Frameworks @loader_path/Frameworks";
				PRODUCT_BUNDLE_IDENTIFIER = com.getsolusi.rcptTests;
				PRODUCT_NAME = "$(TARGET_NAME)";
				TEST_HOST = "$(BUILT_PRODUCTS_DIR)/rcpt.app/rcpt";
			};
			name = Release;
		};
/* End XCBuildConfiguration section */

/* Begin XCConfigurationList section */
		CA24F4531CA23B980027FAEC /* Build configuration list for PBXProject "rcpt" */ = {
			isa = XCConfigurationList;
			buildConfigurations = (
				CA24F4731CA23B980027FAEC /* Debug */,
				CA24F4741CA23B980027FAEC /* Release */,
			);
			defaultConfigurationIsVisible = 0;
			defaultConfigurationName = Release;
		};
		CA24F4751CA23B980027FAEC /* Build configuration list for PBXNativeTarget "rcpt" */ = {
			isa = XCConfigurationList;
			buildConfigurations = (
				CA24F4761CA23B980027FAEC /* Debug */,
				CA24F4771CA23B980027FAEC /* Release */,
			);
			defaultConfigurationIsVisible = 0;
			defaultConfigurationName = Release;
		};
		CA24F4781CA23B980027FAEC /* Build configuration list for PBXNativeTarget "rcptTests" */ = {
			isa = XCConfigurationList;
			buildConfigurations = (
				CA24F4791CA23B980027FAEC /* Debug */,
				CA24F47A1CA23B980027FAEC /* Release */,
			);
			defaultConfigurationIsVisible = 0;
			defaultConfigurationName = Release;
		};
/* End XCConfigurationList section */
	};
	rootObject = CA24F4501CA23B980027FAEC /* Project object */;
}
